// !$*UTF8*$!
{
	archiveVersion = 1;
	classes = {
	};
	objectVersion = 56;
	objects = {

/* Begin PBXBuildFile section */
		90BCC30B2A7D1562002BA1F9 /* SlingshotApp.swift in Sources */ = {isa = PBXBuildFile; fileRef = 90BCC30A2A7D1562002BA1F9 /* SlingshotApp.swift */; };
		90BCC30D2A7D1562002BA1F9 /* ContentView.swift in Sources */ = {isa = PBXBuildFile; fileRef = 90BCC30C2A7D1562002BA1F9 /* ContentView.swift */; };
		90BCC30F2A7D1564002BA1F9 /* Assets.xcassets in Resources */ = {isa = PBXBuildFile; fileRef = 90BCC30E2A7D1564002BA1F9 /* Assets.xcassets */; };
		90BCC3122A7D1564002BA1F9 /* Preview Assets.xcassets in Resources */ = {isa = PBXBuildFile; fileRef = 90BCC3112A7D1564002BA1F9 /* Preview Assets.xcassets */; };
		90BCC31C2A7D1564002BA1F9 /* SlingshotTests.swift in Sources */ = {isa = PBXBuildFile; fileRef = 90BCC31B2A7D1564002BA1F9 /* SlingshotTests.swift */; };
		90BCC3262A7D1564002BA1F9 /* SlingshotUITests.swift in Sources */ = {isa = PBXBuildFile; fileRef = 90BCC3252A7D1564002BA1F9 /* SlingshotUITests.swift */; };
		90BCC3282A7D1564002BA1F9 /* SlingshotUITestsLaunchTests.swift in Sources */ = {isa = PBXBuildFile; fileRef = 90BCC3272A7D1564002BA1F9 /* SlingshotUITestsLaunchTests.swift */; };
		90BCC3372A7D2650002BA1F9 /* DemoTest.swift in Sources */ = {isa = PBXBuildFile; fileRef = 90BCC3362A7D2650002BA1F9 /* DemoTest.swift */; };
		90BCC33B2A7D2806002BA1F9 /* SlingshotUITests in Resources */ = {isa = PBXBuildFile; fileRef = 90BCC33A2A7D268C002BA1F9 /* SlingshotUITests */; };
		90BCC33C2A7D280A002BA1F9 /* SlingshotTests in Resources */ = {isa = PBXBuildFile; fileRef = 90BCC3392A7D2682002BA1F9 /* SlingshotTests */; };
		90BCC33D2A7D280E002BA1F9 /* NewTests in Resources */ = {isa = PBXBuildFile; fileRef = 90BCC3382A7D2669002BA1F9 /* NewTests */; };
/* End PBXBuildFile section */

/* Begin PBXContainerItemProxy section */
		90BCC3182A7D1564002BA1F9 /* PBXContainerItemProxy */ = {
			isa = PBXContainerItemProxy;
			containerPortal = 90BCC2FF2A7D1562002BA1F9 /* Project object */;
			proxyType = 1;
			remoteGlobalIDString = 90BCC3062A7D1562002BA1F9;
			remoteInfo = Slingshot;
		};
		90BCC3222A7D1564002BA1F9 /* PBXContainerItemProxy */ = {
			isa = PBXContainerItemProxy;
			containerPortal = 90BCC2FF2A7D1562002BA1F9 /* Project object */;
			proxyType = 1;
			remoteGlobalIDString = 90BCC3062A7D1562002BA1F9;
			remoteInfo = Slingshot;
		};
/* End PBXContainerItemProxy section */

/* Begin PBXFileReference section */
		90BCC3072A7D1562002BA1F9 /* Slingshot.app */ = {isa = PBXFileReference; explicitFileType = wrapper.application; includeInIndex = 0; path = Slingshot.app; sourceTree = BUILT_PRODUCTS_DIR; };
		90BCC30A2A7D1562002BA1F9 /* SlingshotApp.swift */ = {isa = PBXFileReference; lastKnownFileType = sourcecode.swift; path = SlingshotApp.swift; sourceTree = "<group>"; };
		90BCC30C2A7D1562002BA1F9 /* ContentView.swift */ = {isa = PBXFileReference; lastKnownFileType = sourcecode.swift; path = ContentView.swift; sourceTree = "<group>"; };
		90BCC30E2A7D1564002BA1F9 /* Assets.xcassets */ = {isa = PBXFileReference; lastKnownFileType = folder.assetcatalog; path = Assets.xcassets; sourceTree = "<group>"; };
		90BCC3112A7D1564002BA1F9 /* Preview Assets.xcassets */ = {isa = PBXFileReference; lastKnownFileType = folder.assetcatalog; path = "Preview Assets.xcassets"; sourceTree = "<group>"; };
		90BCC3172A7D1564002BA1F9 /* SlingshotTests.xctest */ = {isa = PBXFileReference; explicitFileType = wrapper.cfbundle; includeInIndex = 0; path = SlingshotTests.xctest; sourceTree = BUILT_PRODUCTS_DIR; };
		90BCC31B2A7D1564002BA1F9 /* SlingshotTests.swift */ = {isa = PBXFileReference; lastKnownFileType = sourcecode.swift; path = SlingshotTests.swift; sourceTree = "<group>"; };
		90BCC3212A7D1564002BA1F9 /* SlingshotUITests.xctest */ = {isa = PBXFileReference; explicitFileType = wrapper.cfbundle; includeInIndex = 0; path = SlingshotUITests.xctest; sourceTree = BUILT_PRODUCTS_DIR; };
		90BCC3252A7D1564002BA1F9 /* SlingshotUITests.swift */ = {isa = PBXFileReference; lastKnownFileType = sourcecode.swift; path = SlingshotUITests.swift; sourceTree = "<group>"; };
		90BCC3272A7D1564002BA1F9 /* SlingshotUITestsLaunchTests.swift */ = {isa = PBXFileReference; lastKnownFileType = sourcecode.swift; path = SlingshotUITestsLaunchTests.swift; sourceTree = "<group>"; };
		90BCC3362A7D2650002BA1F9 /* DemoTest.swift */ = {isa = PBXFileReference; lastKnownFileType = sourcecode.swift; path = DemoTest.swift; sourceTree = "<group>"; };
		90BCC3382A7D2669002BA1F9 /* NewTests */ = {isa = PBXFileReference; lastKnownFileType = folder; path = NewTests; sourceTree = "<group>"; };
		90BCC3392A7D2682002BA1F9 /* SlingshotTests */ = {isa = PBXFileReference; lastKnownFileType = folder; path = SlingshotTests; sourceTree = "<group>"; };
		90BCC33A2A7D268C002BA1F9 /* SlingshotUITests */ = {isa = PBXFileReference; lastKnownFileType = folder; path = SlingshotUITests; sourceTree = "<group>"; };
/* End PBXFileReference section */

/* Begin PBXFrameworksBuildPhase section */
		90BCC3042A7D1562002BA1F9 /* Frameworks */ = {
			isa = PBXFrameworksBuildPhase;
			buildActionMask = 2147483647;
			files = (
			);
			runOnlyForDeploymentPostprocessing = 0;
		};
		90BCC3142A7D1564002BA1F9 /* Frameworks */ = {
			isa = PBXFrameworksBuildPhase;
			buildActionMask = 2147483647;
			files = (
			);
			runOnlyForDeploymentPostprocessing = 0;
		};
		90BCC31E2A7D1564002BA1F9 /* Frameworks */ = {
			isa = PBXFrameworksBuildPhase;
			buildActionMask = 2147483647;
			files = (
			);
			runOnlyForDeploymentPostprocessing = 0;
		};
/* End PBXFrameworksBuildPhase section */

/* Begin PBXGroup section */
		90BCC2FE2A7D1562002BA1F9 = {
			isa = PBXGroup;
			children = (
				90BCC33A2A7D268C002BA1F9 /* SlingshotUITests */,
				90BCC3392A7D2682002BA1F9 /* SlingshotTests */,
				90BCC3382A7D2669002BA1F9 /* NewTests */,
				90BCC3352A7D262D002BA1F9 /* NewTests */,
				90BCC3092A7D1562002BA1F9 /* Slingshot */,
				90BCC31A2A7D1564002BA1F9 /* SlingshotTests */,
				90BCC3242A7D1564002BA1F9 /* SlingshotUITests */,
				90BCC3082A7D1562002BA1F9 /* Products */,
			);
			sourceTree = "<group>";
		};
		90BCC3082A7D1562002BA1F9 /* Products */ = {
			isa = PBXGroup;
			children = (
				90BCC3072A7D1562002BA1F9 /* Slingshot.app */,
				90BCC3172A7D1564002BA1F9 /* SlingshotTests.xctest */,
				90BCC3212A7D1564002BA1F9 /* SlingshotUITests.xctest */,
			);
			name = Products;
			sourceTree = "<group>";
		};
		90BCC3092A7D1562002BA1F9 /* Slingshot */ = {
			isa = PBXGroup;
			children = (
				90BCC30A2A7D1562002BA1F9 /* SlingshotApp.swift */,
				90BCC30C2A7D1562002BA1F9 /* ContentView.swift */,
				90BCC30E2A7D1564002BA1F9 /* Assets.xcassets */,
				90BCC3102A7D1564002BA1F9 /* Preview Content */,
			);
			path = Slingshot;
			sourceTree = "<group>";
		};
		90BCC3102A7D1564002BA1F9 /* Preview Content */ = {
			isa = PBXGroup;
			children = (
				90BCC3112A7D1564002BA1F9 /* Preview Assets.xcassets */,
			);
			path = "Preview Content";
			sourceTree = "<group>";
		};
		90BCC31A2A7D1564002BA1F9 /* SlingshotTests */ = {
			isa = PBXGroup;
			children = (
				90BCC31B2A7D1564002BA1F9 /* SlingshotTests.swift */,
			);
			path = SlingshotTests;
			sourceTree = "<group>";
		};
		90BCC3242A7D1564002BA1F9 /* SlingshotUITests */ = {
			isa = PBXGroup;
			children = (
				90BCC3252A7D1564002BA1F9 /* SlingshotUITests.swift */,
				90BCC3272A7D1564002BA1F9 /* SlingshotUITestsLaunchTests.swift */,
			);
			path = SlingshotUITests;
			sourceTree = "<group>";
		};
		90BCC3352A7D262D002BA1F9 /* NewTests */ = {
			isa = PBXGroup;
			children = (
				90BCC3362A7D2650002BA1F9 /* DemoTest.swift */,
			);
			path = NewTests;
			sourceTree = "<group>";
		};
/* End PBXGroup section */

/* Begin PBXNativeTarget section */
		90BCC3062A7D1562002BA1F9 /* Slingshot */ = {
			isa = PBXNativeTarget;
			buildConfigurationList = 90BCC32B2A7D1564002BA1F9 /* Build configuration list for PBXNativeTarget "Slingshot" */;
			buildPhases = (
				90BCC3032A7D1562002BA1F9 /* Sources */,
				90BCC3042A7D1562002BA1F9 /* Frameworks */,
				90BCC3052A7D1562002BA1F9 /* Resources */,
			);
			buildRules = (
			);
			dependencies = (
			);
			name = Slingshot;
			productName = Slingshot;
			productReference = 90BCC3072A7D1562002BA1F9 /* Slingshot.app */;
			productType = "com.apple.product-type.application";
		};
		90BCC3162A7D1564002BA1F9 /* SlingshotTests */ = {
			isa = PBXNativeTarget;
			buildConfigurationList = 90BCC32E2A7D1564002BA1F9 /* Build configuration list for PBXNativeTarget "SlingshotTests" */;
			buildPhases = (
				90BCC3132A7D1564002BA1F9 /* Sources */,
				90BCC3142A7D1564002BA1F9 /* Frameworks */,
				90BCC3152A7D1564002BA1F9 /* Resources */,
			);
			buildRules = (
			);
			dependencies = (
				90BCC3192A7D1564002BA1F9 /* PBXTargetDependency */,
			);
			name = SlingshotTests;
			productName = SlingshotTests;
			productReference = 90BCC3172A7D1564002BA1F9 /* SlingshotTests.xctest */;
			productType = "com.apple.product-type.bundle.unit-test";
		};
		90BCC3202A7D1564002BA1F9 /* SlingshotUITests */ = {
			isa = PBXNativeTarget;
			buildConfigurationList = 90BCC3312A7D1564002BA1F9 /* Build configuration list for PBXNativeTarget "SlingshotUITests" */;
			buildPhases = (
				90BCC31D2A7D1564002BA1F9 /* Sources */,
				90BCC31E2A7D1564002BA1F9 /* Frameworks */,
				90BCC31F2A7D1564002BA1F9 /* Resources */,
			);
			buildRules = (
			);
			dependencies = (
				90BCC3232A7D1564002BA1F9 /* PBXTargetDependency */,
			);
			name = SlingshotUITests;
			productName = SlingshotUITests;
			productReference = 90BCC3212A7D1564002BA1F9 /* SlingshotUITests.xctest */;
			productType = "com.apple.product-type.bundle.ui-testing";
		};
/* End PBXNativeTarget section */

/* Begin PBXProject section */
		90BCC2FF2A7D1562002BA1F9 /* Project object */ = {
			isa = PBXProject;
			attributes = {
				BuildIndependentTargetsInParallel = 1;
				LastSwiftUpdateCheck = 1430;
				LastUpgradeCheck = 1430;
				TargetAttributes = {
					90BCC3062A7D1562002BA1F9 = {
						CreatedOnToolsVersion = 14.3.1;
					};
					90BCC3162A7D1564002BA1F9 = {
						CreatedOnToolsVersion = 14.3.1;
						TestTargetID = 90BCC3062A7D1562002BA1F9;
					};
					90BCC3202A7D1564002BA1F9 = {
						CreatedOnToolsVersion = 14.3.1;
						TestTargetID = 90BCC3062A7D1562002BA1F9;
					};
				};
			};
			buildConfigurationList = 90BCC3022A7D1562002BA1F9 /* Build configuration list for PBXProject "Slingshot" */;
			compatibilityVersion = "Xcode 14.0";
			developmentRegion = en;
			hasScannedForEncodings = 0;
			knownRegions = (
				en,
				Base,
			);
			mainGroup = 90BCC2FE2A7D1562002BA1F9;
			productRefGroup = 90BCC3082A7D1562002BA1F9 /* Products */;
			projectDirPath = "";
			projectRoot = "";
			targets = (
				90BCC3062A7D1562002BA1F9 /* Slingshot */,
				90BCC3162A7D1564002BA1F9 /* SlingshotTests */,
				90BCC3202A7D1564002BA1F9 /* SlingshotUITests */,
			);
		};
/* End PBXProject section */

/* Begin PBXResourcesBuildPhase section */
		90BCC3052A7D1562002BA1F9 /* Resources */ = {
			isa = PBXResourcesBuildPhase;
			buildActionMask = 2147483647;
			files = (
				90BCC3122A7D1564002BA1F9 /* Preview Assets.xcassets in Resources */,
				90BCC33D2A7D280E002BA1F9 /* NewTests in Resources */,
				90BCC30F2A7D1564002BA1F9 /* Assets.xcassets in Resources */,
			);
			runOnlyForDeploymentPostprocessing = 0;
		};
		90BCC3152A7D1564002BA1F9 /* Resources */ = {
			isa = PBXResourcesBuildPhase;
			buildActionMask = 2147483647;
			files = (
				90BCC33C2A7D280A002BA1F9 /* SlingshotTests in Resources */,
			);
			runOnlyForDeploymentPostprocessing = 0;
		};
		90BCC31F2A7D1564002BA1F9 /* Resources */ = {
			isa = PBXResourcesBuildPhase;
			buildActionMask = 2147483647;
			files = (
				90BCC33B2A7D2806002BA1F9 /* SlingshotUITests in Resources */,
			);
			runOnlyForDeploymentPostprocessing = 0;
		};
/* End PBXResourcesBuildPhase section */

/* Begin PBXSourcesBuildPhase section */
		90BCC3032A7D1562002BA1F9 /* Sources */ = {
			isa = PBXSourcesBuildPhase;
			buildActionMask = 2147483647;
			files = (
				90BCC30D2A7D1562002BA1F9 /* ContentView.swift in Sources */,
				90BCC30B2A7D1562002BA1F9 /* SlingshotApp.swift in Sources */,
			);
			runOnlyForDeploymentPostprocessing = 0;
		};
		90BCC3132A7D1564002BA1F9 /* Sources */ = {
			isa = PBXSourcesBuildPhase;
			buildActionMask = 2147483647;
			files = (
				90BCC3372A7D2650002BA1F9 /* DemoTest.swift in Sources */,
				90BCC31C2A7D1564002BA1F9 /* SlingshotTests.swift in Sources */,
			);
			runOnlyForDeploymentPostprocessing = 0;
		};
		90BCC31D2A7D1564002BA1F9 /* Sources */ = {
			isa = PBXSourcesBuildPhase;
			buildActionMask = 2147483647;
			files = (
				90BCC3282A7D1564002BA1F9 /* SlingshotUITestsLaunchTests.swift in Sources */,
				90BCC3262A7D1564002BA1F9 /* SlingshotUITests.swift in Sources */,
			);
			runOnlyForDeploymentPostprocessing = 0;
		};
/* End PBXSourcesBuildPhase section */

/* Begin PBXTargetDependency section */
		90BCC3192A7D1564002BA1F9 /* PBXTargetDependency */ = {
			isa = PBXTargetDependency;
			target = 90BCC3062A7D1562002BA1F9 /* Slingshot */;
			targetProxy = 90BCC3182A7D1564002BA1F9 /* PBXContainerItemProxy */;
		};
		90BCC3232A7D1564002BA1F9 /* PBXTargetDependency */ = {
			isa = PBXTargetDependency;
			target = 90BCC3062A7D1562002BA1F9 /* Slingshot */;
			targetProxy = 90BCC3222A7D1564002BA1F9 /* PBXContainerItemProxy */;
		};
/* End PBXTargetDependency section */

/* Begin XCBuildConfiguration section */
		90BCC3292A7D1564002BA1F9 /* Debug */ = {
			isa = XCBuildConfiguration;
			buildSettings = {
				ALWAYS_SEARCH_USER_PATHS = NO;
				CLANG_ANALYZER_NONNULL = YES;
				CLANG_ANALYZER_NUMBER_OBJECT_CONVERSION = YES_AGGRESSIVE;
				CLANG_CXX_LANGUAGE_STANDARD = "gnu++20";
				CLANG_ENABLE_MODULES = YES;
				CLANG_ENABLE_OBJC_ARC = YES;
				CLANG_ENABLE_OBJC_WEAK = YES;
				CLANG_WARN_BLOCK_CAPTURE_AUTORELEASING = YES;
				CLANG_WARN_BOOL_CONVERSION = YES;
				CLANG_WARN_COMMA = YES;
				CLANG_WARN_CONSTANT_CONVERSION = YES;
				CLANG_WARN_DEPRECATED_OBJC_IMPLEMENTATIONS = YES;
				CLANG_WARN_DIRECT_OBJC_ISA_USAGE = YES_ERROR;
				CLANG_WARN_DOCUMENTATION_COMMENTS = YES;
				CLANG_WARN_EMPTY_BODY = YES;
				CLANG_WARN_ENUM_CONVERSION = YES;
				CLANG_WARN_INFINITE_RECURSION = YES;
				CLANG_WARN_INT_CONVERSION = YES;
				CLANG_WARN_NON_LITERAL_NULL_CONVERSION = YES;
				CLANG_WARN_OBJC_IMPLICIT_RETAIN_SELF = YES;
				CLANG_WARN_OBJC_LITERAL_CONVERSION = YES;
				CLANG_WARN_OBJC_ROOT_CLASS = YES_ERROR;
				CLANG_WARN_QUOTED_INCLUDE_IN_FRAMEWORK_HEADER = YES;
				CLANG_WARN_RANGE_LOOP_ANALYSIS = YES;
				CLANG_WARN_STRICT_PROTOTYPES = YES;
				CLANG_WARN_SUSPICIOUS_MOVE = YES;
				CLANG_WARN_UNGUARDED_AVAILABILITY = YES_AGGRESSIVE;
				CLANG_WARN_UNREACHABLE_CODE = YES;
				CLANG_WARN__DUPLICATE_METHOD_MATCH = YES;
				COPY_PHASE_STRIP = NO;
				DEBUG_INFORMATION_FORMAT = dwarf;
				ENABLE_STRICT_OBJC_MSGSEND = YES;
				ENABLE_TESTABILITY = YES;
				GCC_C_LANGUAGE_STANDARD = gnu11;
				GCC_DYNAMIC_NO_PIC = NO;
				GCC_NO_COMMON_BLOCKS = YES;
				GCC_OPTIMIZATION_LEVEL = 0;
				GCC_PREPROCESSOR_DEFINITIONS = (
					"DEBUG=1",
					"$(inherited)",
				);
				GCC_WARN_64_TO_32_BIT_CONVERSION = YES;
				GCC_WARN_ABOUT_RETURN_TYPE = YES_ERROR;
				GCC_WARN_UNDECLARED_SELECTOR = YES;
				GCC_WARN_UNINITIALIZED_AUTOS = YES_AGGRESSIVE;
				GCC_WARN_UNUSED_FUNCTION = YES;
				GCC_WARN_UNUSED_VARIABLE = YES;
				IPHONEOS_DEPLOYMENT_TARGET = 16.4;
				MTL_ENABLE_DEBUG_INFO = INCLUDE_SOURCE;
				MTL_FAST_MATH = YES;
				ONLY_ACTIVE_ARCH = YES;
				SDKROOT = iphoneos;
				SWIFT_ACTIVE_COMPILATION_CONDITIONS = DEBUG;
				SWIFT_OPTIMIZATION_LEVEL = "-Onone";
			};
			name = Debug;
		};
		90BCC32A2A7D1564002BA1F9 /* Release */ = {
			isa = XCBuildConfiguration;
			buildSettings = {
				ALWAYS_SEARCH_USER_PATHS = NO;
				CLANG_ANALYZER_NONNULL = YES;
				CLANG_ANALYZER_NUMBER_OBJECT_CONVERSION = YES_AGGRESSIVE;
				CLANG_CXX_LANGUAGE_STANDARD = "gnu++20";
				CLANG_ENABLE_MODULES = YES;
				CLANG_ENABLE_OBJC_ARC = YES;
				CLANG_ENABLE_OBJC_WEAK = YES;
				CLANG_WARN_BLOCK_CAPTURE_AUTORELEASING = YES;
				CLANG_WARN_BOOL_CONVERSION = YES;
				CLANG_WARN_COMMA = YES;
				CLANG_WARN_CONSTANT_CONVERSION = YES;
				CLANG_WARN_DEPRECATED_OBJC_IMPLEMENTATIONS = YES;
				CLANG_WARN_DIRECT_OBJC_ISA_USAGE = YES_ERROR;
				CLANG_WARN_DOCUMENTATION_COMMENTS = YES;
				CLANG_WARN_EMPTY_BODY = YES;
				CLANG_WARN_ENUM_CONVERSION = YES;
				CLANG_WARN_INFINITE_RECURSION = YES;
				CLANG_WARN_INT_CONVERSION = YES;
				CLANG_WARN_NON_LITERAL_NULL_CONVERSION = YES;
				CLANG_WARN_OBJC_IMPLICIT_RETAIN_SELF = YES;
				CLANG_WARN_OBJC_LITERAL_CONVERSION = YES;
				CLANG_WARN_OBJC_ROOT_CLASS = YES_ERROR;
				CLANG_WARN_QUOTED_INCLUDE_IN_FRAMEWORK_HEADER = YES;
				CLANG_WARN_RANGE_LOOP_ANALYSIS = YES;
				CLANG_WARN_STRICT_PROTOTYPES = YES;
				CLANG_WARN_SUSPICIOUS_MOVE = YES;
				CLANG_WARN_UNGUARDED_AVAILABILITY = YES_AGGRESSIVE;
				CLANG_WARN_UNREACHABLE_CODE = YES;
				CLANG_WARN__DUPLICATE_METHOD_MATCH = YES;
				COPY_PHASE_STRIP = NO;
				DEBUG_INFORMATION_FORMAT = "dwarf-with-dsym";
				ENABLE_NS_ASSERTIONS = NO;
				ENABLE_STRICT_OBJC_MSGSEND = YES;
				GCC_C_LANGUAGE_STANDARD = gnu11;
				GCC_NO_COMMON_BLOCKS = YES;
				GCC_WARN_64_TO_32_BIT_CONVERSION = YES;
				GCC_WARN_ABOUT_RETURN_TYPE = YES_ERROR;
				GCC_WARN_UNDECLARED_SELECTOR = YES;
				GCC_WARN_UNINITIALIZED_AUTOS = YES_AGGRESSIVE;
				GCC_WARN_UNUSED_FUNCTION = YES;
				GCC_WARN_UNUSED_VARIABLE = YES;
				IPHONEOS_DEPLOYMENT_TARGET = 16.4;
				MTL_ENABLE_DEBUG_INFO = NO;
				MTL_FAST_MATH = YES;
				SDKROOT = iphoneos;
				SWIFT_COMPILATION_MODE = wholemodule;
				SWIFT_OPTIMIZATION_LEVEL = "-O";
				VALIDATE_PRODUCT = YES;
			};
			name = Release;
		};
		90BCC32C2A7D1564002BA1F9 /* Debug */ = {
			isa = XCBuildConfiguration;
			buildSettings = {
				ASSETCATALOG_COMPILER_APPICON_NAME = AppIcon;
				ASSETCATALOG_COMPILER_GLOBAL_ACCENT_COLOR_NAME = AccentColor;
				CODE_SIGN_STYLE = Automatic;
				CURRENT_PROJECT_VERSION = 1;
				DEVELOPMENT_ASSET_PATHS = "\"Slingshot/Preview Content\"";
				ENABLE_PREVIEWS = YES;
				GENERATE_INFOPLIST_FILE = YES;
				INFOPLIST_KEY_UIApplicationSceneManifest_Generation = YES;
				INFOPLIST_KEY_UIApplicationSupportsIndirectInputEvents = YES;
				INFOPLIST_KEY_UILaunchScreen_Generation = YES;
				INFOPLIST_KEY_UISupportedInterfaceOrientations_iPad = "UIInterfaceOrientationPortrait UIInterfaceOrientationPortraitUpsideDown UIInterfaceOrientationLandscapeLeft UIInterfaceOrientationLandscapeRight";
				INFOPLIST_KEY_UISupportedInterfaceOrientations_iPhone = "UIInterfaceOrientationPortrait UIInterfaceOrientationLandscapeLeft UIInterfaceOrientationLandscapeRight";
				LD_RUNPATH_SEARCH_PATHS = (
					"$(inherited)",
					"@executable_path/Frameworks",
				);
				MARKETING_VERSION = 1.0;
				PRODUCT_BUNDLE_IDENTIFIER = CI.Slingshot;
				PRODUCT_NAME = "$(TARGET_NAME)";
				SWIFT_EMIT_LOC_STRINGS = YES;
				SWIFT_VERSION = 5.0;
				TARGETED_DEVICE_FAMILY = "1,2";
			};
			name = Debug;
		};
		90BCC32D2A7D1564002BA1F9 /* Release */ = {
			isa = XCBuildConfiguration;
			buildSettings = {
				ASSETCATALOG_COMPILER_APPICON_NAME = AppIcon;
				ASSETCATALOG_COMPILER_GLOBAL_ACCENT_COLOR_NAME = AccentColor;
				CODE_SIGN_STYLE = Automatic;
				CURRENT_PROJECT_VERSION = 1;
				DEVELOPMENT_ASSET_PATHS = "\"Slingshot/Preview Content\"";
				ENABLE_PREVIEWS = YES;
				GENERATE_INFOPLIST_FILE = YES;
				INFOPLIST_KEY_UIApplicationSceneManifest_Generation = YES;
				INFOPLIST_KEY_UIApplicationSupportsIndirectInputEvents = YES;
				INFOPLIST_KEY_UILaunchScreen_Generation = YES;
				INFOPLIST_KEY_UISupportedInterfaceOrientations_iPad = "UIInterfaceOrientationPortrait UIInterfaceOrientationPortraitUpsideDown UIInterfaceOrientationLandscapeLeft UIInterfaceOrientationLandscapeRight";
				INFOPLIST_KEY_UISupportedInterfaceOrientations_iPhone = "UIInterfaceOrientationPortrait UIInterfaceOrientationLandscapeLeft UIInterfaceOrientationLandscapeRight";
				LD_RUNPATH_SEARCH_PATHS = (
					"$(inherited)",
					"@executable_path/Frameworks",
				);
				MARKETING_VERSION = 1.0;
				PRODUCT_BUNDLE_IDENTIFIER = CI.Slingshot;
				PRODUCT_NAME = "$(TARGET_NAME)";
				SWIFT_EMIT_LOC_STRINGS = YES;
				SWIFT_VERSION = 5.0;
				TARGETED_DEVICE_FAMILY = "1,2";
			};
			name = Release;
		};
		90BCC32F2A7D1564002BA1F9 /* Debug */ = {
			isa = XCBuildConfiguration;
			buildSettings = {
				ALWAYS_EMBED_SWIFT_STANDARD_LIBRARIES = YES;
				BUNDLE_LOADER = "$(TEST_HOST)";
				CODE_SIGN_STYLE = Automatic;
				CURRENT_PROJECT_VERSION = 1;
				GENERATE_INFOPLIST_FILE = YES;
				IPHONEOS_DEPLOYMENT_TARGET = 16.4;
				MARKETING_VERSION = 1.0;
				PRODUCT_BUNDLE_IDENTIFIER = CI.SlingshotTests;
				PRODUCT_NAME = "$(TARGET_NAME)";
				SWIFT_EMIT_LOC_STRINGS = NO;
				SWIFT_VERSION = 5.0;
				TARGETED_DEVICE_FAMILY = "1,2";
				TEST_HOST = "$(BUILT_PRODUCTS_DIR)/Slingshot.app/$(BUNDLE_EXECUTABLE_FOLDER_PATH)/Slingshot";
			};
			name = Debug;
		};
		90BCC3302A7D1564002BA1F9 /* Release */ = {
			isa = XCBuildConfiguration;
			buildSettings = {
				ALWAYS_EMBED_SWIFT_STANDARD_LIBRARIES = YES;
				BUNDLE_LOADER = "$(TEST_HOST)";
				CODE_SIGN_STYLE = Automatic;
				CURRENT_PROJECT_VERSION = 1;
				GENERATE_INFOPLIST_FILE = YES;
				IPHONEOS_DEPLOYMENT_TARGET = 16.4;
				MARKETING_VERSION = 1.0;
				PRODUCT_BUNDLE_IDENTIFIER = CI.SlingshotTests;
				PRODUCT_NAME = "$(TARGET_NAME)";
				SWIFT_EMIT_LOC_STRINGS = NO;
				SWIFT_VERSION = 5.0;
				TARGETED_DEVICE_FAMILY = "1,2";
				TEST_HOST = "$(BUILT_PRODUCTS_DIR)/Slingshot.app/$(BUNDLE_EXECUTABLE_FOLDER_PATH)/Slingshot";
			};
			name = Release;
		};
		90BCC3322A7D1564002BA1F9 /* Debug */ = {
			isa = XCBuildConfiguration;
			buildSettings = {
				ALWAYS_EMBED_SWIFT_STANDARD_LIBRARIES = YES;
				CODE_SIGN_STYLE = Automatic;
				CURRENT_PROJECT_VERSION = 1;
				GENERATE_INFOPLIST_FILE = YES;
				MARKETING_VERSION = 1.0;
				PRODUCT_BUNDLE_IDENTIFIER = CI.SlingshotUITests;
				PRODUCT_NAME = "$(TARGET_NAME)";
				SWIFT_EMIT_LOC_STRINGS = NO;
				SWIFT_VERSION = 5.0;
				TARGETED_DEVICE_FAMILY = "1,2";
				TEST_TARGET_NAME = Slingshot;
			};
			name = Debug;
		};
		90BCC3332A7D1564002BA1F9 /* Release */ = {
			isa = XCBuildConfiguration;
			buildSettings = {
				ALWAYS_EMBED_SWIFT_STANDARD_LIBRARIES = YES;
				CODE_SIGN_STYLE = Automatic;
				CURRENT_PROJECT_VERSION = 1;
				GENERATE_INFOPLIST_FILE = YES;
				MARKETING_VERSION = 1.0;
				PRODUCT_BUNDLE_IDENTIFIER = CI.SlingshotUITests;
				PRODUCT_NAME = "$(TARGET_NAME)";
				SWIFT_EMIT_LOC_STRINGS = NO;
				SWIFT_VERSION = 5.0;
				TARGETED_DEVICE_FAMILY = "1,2";
				TEST_TARGET_NAME = Slingshot;
			};
			name = Release;
		};
/* End XCBuildConfiguration section */

/* Begin XCConfigurationList section */
		90BCC3022A7D1562002BA1F9 /* Build configuration list for PBXProject "Slingshot" */ = {
			isa = XCConfigurationList;
			buildConfigurations = (
				90BCC3292A7D1564002BA1F9 /* Debug */,
				90BCC32A2A7D1564002BA1F9 /* Release */,
			);
			defaultConfigurationIsVisible = 0;
			defaultConfigurationName = Release;
		};
		90BCC32B2A7D1564002BA1F9 /* Build configuration list for PBXNativeTarget "Slingshot" */ = {
			isa = XCConfigurationList;
			buildConfigurations = (
				90BCC32C2A7D1564002BA1F9 /* Debug */,
				90BCC32D2A7D1564002BA1F9 /* Release */,
			);
			defaultConfigurationIsVisible = 0;
			defaultConfigurationName = Release;
		};
		90BCC32E2A7D1564002BA1F9 /* Build configuration list for PBXNativeTarget "SlingshotTests" */ = {
			isa = XCConfigurationList;
			buildConfigurations = (
				90BCC32F2A7D1564002BA1F9 /* Debug */,
				90BCC3302A7D1564002BA1F9 /* Release */,
			);
			defaultConfigurationIsVisible = 0;
			defaultConfigurationName = Release;
		};
		90BCC3312A7D1564002BA1F9 /* Build configuration list for PBXNativeTarget "SlingshotUITests" */ = {
			isa = XCConfigurationList;
			buildConfigurations = (
				90BCC3322A7D1564002BA1F9 /* Debug */,
				90BCC3332A7D1564002BA1F9 /* Release */,
			);
			defaultConfigurationIsVisible = 0;
			defaultConfigurationName = Release;
		};
/* End XCConfigurationList section */
	};
	rootObject = 90BCC2FF2A7D1562002BA1F9 /* Project object */;
}
